
Microsoft Visual Studio Solution File, Format Version 12.00
# Visual Studio Version 17
VisualStudioVersion = 17.2.32616.157
MinimumVisualStudioVersion = 10.0.40219.1
Project("{9A19103F-16F7-4668-BE54-9A1E7A4F7556}") = "BotwModConverter.Core", "BotwModConverter.Core\BotwModConverter.Core.csproj", "{89940321-4793-49D6-86EE-944C04E4E7CA}"
EndProject
Global
	GlobalSection(SolutionConfigurationPlatforms) = preSolution
		Debug|Any CPU = Debug|Any CPU
		Release|Any CPU = Release|Any CPU
	EndGlobalSection
	GlobalSection(ProjectConfigurationPlatforms) = postSolution
		{89940321-4793-49D6-86EE-944C04E4E7CA}.Debug|Any CPU.ActiveCfg = Debug|Any CPU
		{89940321-4793-49D6-86EE-944C04E4E7CA}.Debug|Any CPU.Build.0 = Debug|Any CPU
		{89940321-4793-49D6-86EE-944C04E4E7CA}.Release|Any CPU.ActiveCfg = Release|Any CPU
		{89940321-4793-49D6-86EE-944C04E4E7CA}.Release|Any CPU.Build.0 = Release|Any CPU
	EndGlobalSection
	GlobalSection(SolutionProperties) = preSolution
		HideSolutionNode = FALSE
	EndGlobalSection
	GlobalSection(ExtensibilityGlobals) = postSolution
		SolutionGuid = {7F100C2E-E481-42C1-9DC5-DFC0E8E351A0}
	EndGlobalSection
EndGlobal
