<Solution>
  <Folder Name="/SourceGenerators/">
    <Project Path="src/SourceGenerators/CoreSourceGenerator/CoreSourceGenerator.Sample/CoreSourceGenerator.Sample.csproj" />
    <Project Path="src/SourceGenerators/CoreSourceGenerator/CoreSourceGenerator/CoreSourceGenerator.csproj" />
  </Folder>
  <Folder Name="/Tests/">
    <Project Path="tests/UnitTests/UnitTests.csproj" />
  </Folder>
  <Project Path="src/BotwModConverter.Core/BotwModConverter.Core.csproj" />
  <Project Path="src/BotwModConverter/BotwModConverter.csproj" />
</Solution>
